// !$*UTF8*$!
{
	archiveVersion = 1;
	classes = {
	};
	objectVersion = 50;
	objects = {

/* Begin PBXBuildFile section */
		8331EEA62469312A000C04F5 /* AppDelegate.swift in Sources */ = {isa = PBXBuildFile; fileRef = 8331EEA52469312A000C04F5 /* AppDelegate.swift */; };
		8331EEA82469312A000C04F5 /* SceneDelegate.swift in Sources */ = {isa = PBXBuildFile; fileRef = 8331EEA72469312A000C04F5 /* SceneDelegate.swift */; };
		8331EEAA2469312A000C04F5 /* InitialViewController.swift in Sources */ = {isa = PBXBuildFile; fileRef = 8331EEA92469312A000C04F5 /* InitialViewController.swift */; };
		8331EEAD2469312A000C04F5 /* Main.storyboard in Resources */ = {isa = PBXBuildFile; fileRef = 8331EEAB2469312A000C04F5 /* Main.storyboard */; };
		8331EEB02469312A000C04F5 /* restaurantApp.xcdatamodeld in Sources */ = {isa = PBXBuildFile; fileRef = 8331EEAE2469312A000C04F5 /* restaurantApp.xcdatamodeld */; };
		8331EEB22469312D000C04F5 /* Assets.xcassets in Resources */ = {isa = PBXBuildFile; fileRef = 8331EEB12469312D000C04F5 /* Assets.xcassets */; };
		8331EEB52469312D000C04F5 /* LaunchScreen.storyboard in Resources */ = {isa = PBXBuildFile; fileRef = 8331EEB32469312D000C04F5 /* LaunchScreen.storyboard */; };
		8331EEBD24693AB5000C04F5 /* HomeViewController.swift in Sources */ = {isa = PBXBuildFile; fileRef = 8331EEBC24693AB5000C04F5 /* HomeViewController.swift */; };
		8331EEC0246948D8000C04F5 /* CategoryCollectionViewCell.swift in Sources */ = {isa = PBXBuildFile; fileRef = 8331EEBF246948D8000C04F5 /* CategoryCollectionViewCell.swift */; };
		833507542470255700D7BB6A /* UIViewController+Extension.swift in Sources */ = {isa = PBXBuildFile; fileRef = 833507532470255700D7BB6A /* UIViewController+Extension.swift */; };
		8344CB43246ACB350010042A /* DatabaseHelper.swift in Sources */ = {isa = PBXBuildFile; fileRef = 8344CB42246ACB350010042A /* DatabaseHelper.swift */; };
		8344CB45246AEFD00010042A /* MenuViewController.swift in Sources */ = {isa = PBXBuildFile; fileRef = 8344CB44246AEFD00010042A /* MenuViewController.swift */; };
		8344CB47246AFE290010042A /* DishesCell.swift in Sources */ = {isa = PBXBuildFile; fileRef = 8344CB46246AFE290010042A /* DishesCell.swift */; };
		8385C69A2472893000BB1CD1 /* OrderReviewVC.swift in Sources */ = {isa = PBXBuildFile; fileRef = 8385C6992472893000BB1CD1 /* OrderReviewVC.swift */; };
		8385C69C2472A07F00BB1CD1 /* OrderCell.swift in Sources */ = {isa = PBXBuildFile; fileRef = 8385C69B2472A07F00BB1CD1 /* OrderCell.swift */; };
		83A8005F246C180A006F5FE5 /* AdminVC.swift in Sources */ = {isa = PBXBuildFile; fileRef = 83A8005E246C180A006F5FE5 /* AdminVC.swift */; };
		83A80062246C2016006F5FE5 /* OrdersViewController.swift in Sources */ = {isa = PBXBuildFile; fileRef = 83A80061246C2016006F5FE5 /* OrdersViewController.swift */; };
		83A80064246C2025006F5FE5 /* ProductsViewController.swift in Sources */ = {isa = PBXBuildFile; fileRef = 83A80063246C2025006F5FE5 /* ProductsViewController.swift */; };
		83A80068246C2198006F5FE5 /* ProductCell.swift in Sources */ = {isa = PBXBuildFile; fileRef = 83A80067246C2198006F5FE5 /* ProductCell.swift */; };
		83A8006A246C22FA006F5FE5 /* CategoryFormVC.swift in Sources */ = {isa = PBXBuildFile; fileRef = 83A80069246C22FA006F5FE5 /* CategoryFormVC.swift */; };
		83A8006C246C43F6006F5FE5 /* ProductDetailsVC.swift in Sources */ = {isa = PBXBuildFile; fileRef = 83A8006B246C43F6006F5FE5 /* ProductDetailsVC.swift */; };
		83A80071246C5272006F5FE5 /* DishesListVC.swift in Sources */ = {isa = PBXBuildFile; fileRef = 83A80070246C5272006F5FE5 /* DishesListVC.swift */; };
		83A80075246C52D7006F5FE5 /* DishesFormVC.swift in Sources */ = {isa = PBXBuildFile; fileRef = 83A80074246C52D7006F5FE5 /* DishesFormVC.swift */; };
/* End PBXBuildFile section */

/* Begin PBXFileReference section */
		8331EEA22469312A000C04F5 /* Dine Tale.app */ = {isa = PBXFileReference; explicitFileType = wrapper.application; includeInIndex = 0; path = "Dine Tale.app"; sourceTree = BUILT_PRODUCTS_DIR; };
		8331EEA52469312A000C04F5 /* AppDelegate.swift */ = {isa = PBXFileReference; lastKnownFileType = sourcecode.swift; path = AppDelegate.swift; sourceTree = "<group>"; };
		8331EEA72469312A000C04F5 /* SceneDelegate.swift */ = {isa = PBXFileReference; lastKnownFileType = sourcecode.swift; path = SceneDelegate.swift; sourceTree = "<group>"; };
		8331EEA92469312A000C04F5 /* InitialViewController.swift */ = {isa = PBXFileReference; lastKnownFileType = sourcecode.swift; path = InitialViewController.swift; sourceTree = "<group>"; };
		8331EEAC2469312A000C04F5 /* Base */ = {isa = PBXFileReference; lastKnownFileType = file.storyboard; name = Base; path = Base.lproj/Main.storyboard; sourceTree = "<group>"; };
		8331EEAF2469312A000C04F5 /* restaurantApp.xcdatamodel */ = {isa = PBXFileReference; lastKnownFileType = wrapper.xcdatamodel; path = restaurantApp.xcdatamodel; sourceTree = "<group>"; };
		8331EEB12469312D000C04F5 /* Assets.xcassets */ = {isa = PBXFileReference; lastKnownFileType = folder.assetcatalog; path = Assets.xcassets; sourceTree = "<group>"; };
		8331EEB42469312D000C04F5 /* Base */ = {isa = PBXFileReference; lastKnownFileType = file.storyboard; name = Base; path = Base.lproj/LaunchScreen.storyboard; sourceTree = "<group>"; };
		8331EEB62469312D000C04F5 /* Info.plist */ = {isa = PBXFileReference; lastKnownFileType = text.plist.xml; path = Info.plist; sourceTree = "<group>"; };
		8331EEBC24693AB5000C04F5 /* HomeViewController.swift */ = {isa = PBXFileReference; lastKnownFileType = sourcecode.swift; path = HomeViewController.swift; sourceTree = "<group>"; };
		8331EEBF246948D8000C04F5 /* CategoryCollectionViewCell.swift */ = {isa = PBXFileReference; lastKnownFileType = sourcecode.swift; path = CategoryCollectionViewCell.swift; sourceTree = "<group>"; };
		833507532470255700D7BB6A /* UIViewController+Extension.swift */ = {isa = PBXFileReference; lastKnownFileType = sourcecode.swift; path = "UIViewController+Extension.swift"; sourceTree = "<group>"; };
		8344CB42246ACB350010042A /* DatabaseHelper.swift */ = {isa = PBXFileReference; lastKnownFileType = sourcecode.swift; path = DatabaseHelper.swift; sourceTree = "<group>"; };
		8344CB44246AEFD00010042A /* MenuViewController.swift */ = {isa = PBXFileReference; lastKnownFileType = sourcecode.swift; path = MenuViewController.swift; sourceTree = "<group>"; };
		8344CB46246AFE290010042A /* DishesCell.swift */ = {isa = PBXFileReference; lastKnownFileType = sourcecode.swift; path = DishesCell.swift; sourceTree = "<group>"; };
		8385C6992472893000BB1CD1 /* OrderReviewVC.swift */ = {isa = PBXFileReference; lastKnownFileType = sourcecode.swift; path = OrderReviewVC.swift; sourceTree = "<group>"; };
		8385C69B2472A07F00BB1CD1 /* OrderCell.swift */ = {isa = PBXFileReference; lastKnownFileType = sourcecode.swift; path = OrderCell.swift; sourceTree = "<group>"; };
		83A8005E246C180A006F5FE5 /* AdminVC.swift */ = {isa = PBXFileReference; lastKnownFileType = sourcecode.swift; path = AdminVC.swift; sourceTree = "<group>"; };
		83A80061246C2016006F5FE5 /* OrdersViewController.swift */ = {isa = PBXFileReference; lastKnownFileType = sourcecode.swift; path = OrdersViewController.swift; sourceTree = "<group>"; };
		83A80063246C2025006F5FE5 /* ProductsViewController.swift */ = {isa = PBXFileReference; lastKnownFileType = sourcecode.swift; path = ProductsViewController.swift; sourceTree = "<group>"; };
		83A80067246C2198006F5FE5 /* ProductCell.swift */ = {isa = PBXFileReference; lastKnownFileType = sourcecode.swift; path = ProductCell.swift; sourceTree = "<group>"; };
		83A80069246C22FA006F5FE5 /* CategoryFormVC.swift */ = {isa = PBXFileReference; lastKnownFileType = sourcecode.swift; path = CategoryFormVC.swift; sourceTree = "<group>"; };
		83A8006B246C43F6006F5FE5 /* ProductDetailsVC.swift */ = {isa = PBXFileReference; lastKnownFileType = sourcecode.swift; path = ProductDetailsVC.swift; sourceTree = "<group>"; };
		83A80070246C5272006F5FE5 /* DishesListVC.swift */ = {isa = PBXFileReference; lastKnownFileType = sourcecode.swift; path = DishesListVC.swift; sourceTree = "<group>"; };
		83A80074246C52D7006F5FE5 /* DishesFormVC.swift */ = {isa = PBXFileReference; lastKnownFileType = sourcecode.swift; path = DishesFormVC.swift; sourceTree = "<group>"; };
/* End PBXFileReference section */

/* Begin PBXFrameworksBuildPhase section */
		8331EE9F2469312A000C04F5 /* Frameworks */ = {
			isa = PBXFrameworksBuildPhase;
			buildActionMask = 2147483647;
			files = (
			);
			runOnlyForDeploymentPostprocessing = 0;
		};
/* End PBXFrameworksBuildPhase section */

/* Begin PBXGroup section */
		8331EE992469312A000C04F5 = {
			isa = PBXGroup;
			children = (
				8331EEA42469312A000C04F5 /* restaurantApp */,
				8331EEA32469312A000C04F5 /* Products */,
			);
			sourceTree = "<group>";
		};
		8331EEA32469312A000C04F5 /* Products */ = {
			isa = PBXGroup;
			children = (
				8331EEA22469312A000C04F5 /* Dine Tale.app */,
			);
			name = Products;
			sourceTree = "<group>";
		};
		8331EEA42469312A000C04F5 /* restaurantApp */ = {
			isa = PBXGroup;
			children = (
				833507522470253C00D7BB6A /* Extension */,
				83A80060246C1FFA006F5FE5 /* ViewControllers */,
				8344CB41246ACB1B0010042A /* DatabaseHelper */,
				8331EEBE246948BA000C04F5 /* Cell */,
				8331EEA52469312A000C04F5 /* AppDelegate.swift */,
				8331EEA72469312A000C04F5 /* SceneDelegate.swift */,
				8331EEAB2469312A000C04F5 /* Main.storyboard */,
				8331EEB12469312D000C04F5 /* Assets.xcassets */,
				8331EEB32469312D000C04F5 /* LaunchScreen.storyboard */,
				8331EEB62469312D000C04F5 /* Info.plist */,
				8331EEAE2469312A000C04F5 /* restaurantApp.xcdatamodeld */,
			);
			path = restaurantApp;
			sourceTree = "<group>";
		};
		8331EEBE246948BA000C04F5 /* Cell */ = {
			isa = PBXGroup;
			children = (
				8331EEBF246948D8000C04F5 /* CategoryCollectionViewCell.swift */,
				8344CB46246AFE290010042A /* DishesCell.swift */,
				83A80067246C2198006F5FE5 /* ProductCell.swift */,
				8385C69B2472A07F00BB1CD1 /* OrderCell.swift */,
			);
			path = Cell;
			sourceTree = "<group>";
		};
		833507522470253C00D7BB6A /* Extension */ = {
			isa = PBXGroup;
			children = (
				833507532470255700D7BB6A /* UIViewController+Extension.swift */,
			);
			path = Extension;
			sourceTree = "<group>";
		};
		8344CB41246ACB1B0010042A /* DatabaseHelper */ = {
			isa = PBXGroup;
			children = (
				8344CB42246ACB350010042A /* DatabaseHelper.swift */,
			);
			path = DatabaseHelper;
			sourceTree = "<group>";
		};
		83A80060246C1FFA006F5FE5 /* ViewControllers */ = {
			isa = PBXGroup;
			children = (
				83A8006F246C525A006F5FE5 /* Dishes */,
				83A8006E246C521E006F5FE5 /* Home */,
				83A8006D246C520A006F5FE5 /* Category */,
				83A8005E246C180A006F5FE5 /* AdminVC.swift */,
				83A80061246C2016006F5FE5 /* OrdersViewController.swift */,
				8385C6992472893000BB1CD1 /* OrderReviewVC.swift */,
			);
			path = ViewControllers;
			sourceTree = "<group>";
		};
		83A8006D246C520A006F5FE5 /* Category */ = {
			isa = PBXGroup;
			children = (
				83A80063246C2025006F5FE5 /* ProductsViewController.swift */,
				83A80069246C22FA006F5FE5 /* CategoryFormVC.swift */,
				83A8006B246C43F6006F5FE5 /* ProductDetailsVC.swift */,
			);
			path = Category;
			sourceTree = "<group>";
		};
		83A8006E246C521E006F5FE5 /* Home */ = {
			isa = PBXGroup;
			children = (
				8331EEA92469312A000C04F5 /* InitialViewController.swift */,
				8331EEBC24693AB5000C04F5 /* HomeViewController.swift */,
				8344CB44246AEFD00010042A /* MenuViewController.swift */,
			);
			path = Home;
			sourceTree = "<group>";
		};
		83A8006F246C525A006F5FE5 /* Dishes */ = {
			isa = PBXGroup;
			children = (
				83A80070246C5272006F5FE5 /* DishesListVC.swift */,
				83A80074246C52D7006F5FE5 /* DishesFormVC.swift */,
			);
			path = Dishes;
			sourceTree = "<group>";
		};
/* End PBXGroup section */

/* Begin PBXNativeTarget section */
		8331EEA12469312A000C04F5 /* DineTale */ = {
			isa = PBXNativeTarget;
			buildConfigurationList = 8331EEB92469312D000C04F5 /* Build configuration list for PBXNativeTarget "DineTale" */;
			buildPhases = (
				8331EE9E2469312A000C04F5 /* Sources */,
				8331EE9F2469312A000C04F5 /* Frameworks */,
				8331EEA02469312A000C04F5 /* Resources */,
			);
			buildRules = (
			);
			dependencies = (
			);
			name = DineTale;
			productName = restaurantApp;
			productReference = 8331EEA22469312A000C04F5 /* Dine Tale.app */;
			productType = "com.apple.product-type.application";
		};
/* End PBXNativeTarget section */

/* Begin PBXProject section */
		8331EE9A2469312A000C04F5 /* Project object */ = {
			isa = PBXProject;
			attributes = {
				LastSwiftUpdateCheck = 1140;
				LastUpgradeCheck = 1140;
				ORGANIZATIONNAME = "Vatsal Kulshreshtha";
				TargetAttributes = {
					8331EEA12469312A000C04F5 = {
						CreatedOnToolsVersion = 11.4.1;
					};
				};
			};
			buildConfigurationList = 8331EE9D2469312A000C04F5 /* Build configuration list for PBXProject "DineTale" */;
			compatibilityVersion = "Xcode 9.3";
			developmentRegion = en;
			hasScannedForEncodings = 0;
			knownRegions = (
				en,
				Base,
			);
			mainGroup = 8331EE992469312A000C04F5;
			productRefGroup = 8331EEA32469312A000C04F5 /* Products */;
			projectDirPath = "";
			projectRoot = "";
			targets = (
				8331EEA12469312A000C04F5 /* DineTale */,
			);
		};
/* End PBXProject section */

/* Begin PBXResourcesBuildPhase section */
		8331EEA02469312A000C04F5 /* Resources */ = {
			isa = PBXResourcesBuildPhase;
			buildActionMask = 2147483647;
			files = (
				8331EEB52469312D000C04F5 /* LaunchScreen.storyboard in Resources */,
				8331EEB22469312D000C04F5 /* Assets.xcassets in Resources */,
				8331EEAD2469312A000C04F5 /* Main.storyboard in Resources */,
			);
			runOnlyForDeploymentPostprocessing = 0;
		};
/* End PBXResourcesBuildPhase section */

/* Begin PBXSourcesBuildPhase section */
		8331EE9E2469312A000C04F5 /* Sources */ = {
			isa = PBXSourcesBuildPhase;
			buildActionMask = 2147483647;
			files = (
				83A8005F246C180A006F5FE5 /* AdminVC.swift in Sources */,
				83A8006C246C43F6006F5FE5 /* ProductDetailsVC.swift in Sources */,
				8385C69C2472A07F00BB1CD1 /* OrderCell.swift in Sources */,
				8331EEBD24693AB5000C04F5 /* HomeViewController.swift in Sources */,
				8331EEB02469312A000C04F5 /* restaurantApp.xcdatamodeld in Sources */,
				83A80062246C2016006F5FE5 /* OrdersViewController.swift in Sources */,
				8385C69A2472893000BB1CD1 /* OrderReviewVC.swift in Sources */,
				8331EEAA2469312A000C04F5 /* InitialViewController.swift in Sources */,
				83A80068246C2198006F5FE5 /* ProductCell.swift in Sources */,
				83A8006A246C22FA006F5FE5 /* CategoryFormVC.swift in Sources */,
				833507542470255700D7BB6A /* UIViewController+Extension.swift in Sources */,
				8344CB43246ACB350010042A /* DatabaseHelper.swift in Sources */,
				83A80064246C2025006F5FE5 /* ProductsViewController.swift in Sources */,
				8344CB45246AEFD00010042A /* MenuViewController.swift in Sources */,
				8331EEA62469312A000C04F5 /* AppDelegate.swift in Sources */,
				8331EEC0246948D8000C04F5 /* CategoryCollectionViewCell.swift in Sources */,
				83A80071246C5272006F5FE5 /* DishesListVC.swift in Sources */,
				8331EEA82469312A000C04F5 /* SceneDelegate.swift in Sources */,
				8344CB47246AFE290010042A /* DishesCell.swift in Sources */,
				83A80075246C52D7006F5FE5 /* DishesFormVC.swift in Sources */,
			);
			runOnlyForDeploymentPostprocessing = 0;
		};
/* End PBXSourcesBuildPhase section */

/* Begin PBXVariantGroup section */
		8331EEAB2469312A000C04F5 /* Main.storyboard */ = {
			isa = PBXVariantGroup;
			children = (
				8331EEAC2469312A000C04F5 /* Base */,
			);
			name = Main.storyboard;
			sourceTree = "<group>";
		};
		8331EEB32469312D000C04F5 /* LaunchScreen.storyboard */ = {
			isa = PBXVariantGroup;
			children = (
				8331EEB42469312D000C04F5 /* Base */,
			);
			name = LaunchScreen.storyboard;
			sourceTree = "<group>";
		};
/* End PBXVariantGroup section */

/* Begin XCBuildConfiguration section */
		8331EEB72469312D000C04F5 /* Debug */ = {
			isa = XCBuildConfiguration;
			buildSettings = {
				ALWAYS_SEARCH_USER_PATHS = NO;
				CLANG_ANALYZER_NONNULL = YES;
				CLANG_ANALYZER_NUMBER_OBJECT_CONVERSION = YES_AGGRESSIVE;
				CLANG_CXX_LANGUAGE_STANDARD = "gnu++14";
				CLANG_CXX_LIBRARY = "libc++";
				CLANG_ENABLE_MODULES = YES;
				CLANG_ENABLE_OBJC_ARC = YES;
				CLANG_ENABLE_OBJC_WEAK = YES;
				CLANG_WARN_BLOCK_CAPTURE_AUTORELEASING = YES;
				CLANG_WARN_BOOL_CONVERSION = YES;
				CLANG_WARN_COMMA = YES;
				CLANG_WARN_CONSTANT_CONVERSION = YES;
				CLANG_WARN_DEPRECATED_OBJC_IMPLEMENTATIONS = YES;
				CLANG_WARN_DIRECT_OBJC_ISA_USAGE = YES_ERROR;
				CLANG_WARN_DOCUMENTATION_COMMENTS = YES;
				CLANG_WARN_EMPTY_BODY = YES;
				CLANG_WARN_ENUM_CONVERSION = YES;
				CLANG_WARN_INFINITE_RECURSION = YES;
				CLANG_WARN_INT_CONVERSION = YES;
				CLANG_WARN_NON_LITERAL_NULL_CONVERSION = YES;
				CLANG_WARN_OBJC_IMPLICIT_RETAIN_SELF = YES;
				CLANG_WARN_OBJC_LITERAL_CONVERSION = YES;
				CLANG_WARN_OBJC_ROOT_CLASS = YES_ERROR;
				CLANG_WARN_RANGE_LOOP_ANALYSIS = YES;
				CLANG_WARN_STRICT_PROTOTYPES = YES;
				CLANG_WARN_SUSPICIOUS_MOVE = YES;
				CLANG_WARN_UNGUARDED_AVAILABILITY = YES_AGGRESSIVE;
				CLANG_WARN_UNREACHABLE_CODE = YES;
				CLANG_WARN__DUPLICATE_METHOD_MATCH = YES;
				COPY_PHASE_STRIP = NO;
				DEBUG_INFORMATION_FORMAT = dwarf;
				ENABLE_STRICT_OBJC_MSGSEND = YES;
				ENABLE_TESTABILITY = YES;
				GCC_C_LANGUAGE_STANDARD = gnu11;
				GCC_DYNAMIC_NO_PIC = NO;
				GCC_NO_COMMON_BLOCKS = YES;
				GCC_OPTIMIZATION_LEVEL = 0;
				GCC_PREPROCESSOR_DEFINITIONS = (
					"DEBUG=1",
					"$(inherited)",
				);
				GCC_WARN_64_TO_32_BIT_CONVERSION = YES;
				GCC_WARN_ABOUT_RETURN_TYPE = YES_ERROR;
				GCC_WARN_UNDECLARED_SELECTOR = YES;
				GCC_WARN_UNINITIALIZED_AUTOS = YES_AGGRESSIVE;
				GCC_WARN_UNUSED_FUNCTION = YES;
				GCC_WARN_UNUSED_VARIABLE = YES;
				IPHONEOS_DEPLOYMENT_TARGET = 13.4;
				MTL_ENABLE_DEBUG_INFO = INCLUDE_SOURCE;
				MTL_FAST_MATH = YES;
				ONLY_ACTIVE_ARCH = YES;
				SDKROOT = iphoneos;
				SWIFT_ACTIVE_COMPILATION_CONDITIONS = DEBUG;
				SWIFT_OPTIMIZATION_LEVEL = "-Onone";
			};
			name = Debug;
		};
		8331EEB82469312D000C04F5 /* Release */ = {
			isa = XCBuildConfiguration;
			buildSettings = {
				ALWAYS_SEARCH_USER_PATHS = NO;
				CLANG_ANALYZER_NONNULL = YES;
				CLANG_ANALYZER_NUMBER_OBJECT_CONVERSION = YES_AGGRESSIVE;
				CLANG_CXX_LANGUAGE_STANDARD = "gnu++14";
				CLANG_CXX_LIBRARY = "libc++";
				CLANG_ENABLE_MODULES = YES;
				CLANG_ENABLE_OBJC_ARC = YES;
				CLANG_ENABLE_OBJC_WEAK = YES;
				CLANG_WARN_BLOCK_CAPTURE_AUTORELEASING = YES;
				CLANG_WARN_BOOL_CONVERSION = YES;
				CLANG_WARN_COMMA = YES;
				CLANG_WARN_CONSTANT_CONVERSION = YES;
				CLANG_WARN_DEPRECATED_OBJC_IMPLEMENTATIONS = YES;
				CLANG_WARN_DIRECT_OBJC_ISA_USAGE = YES_ERROR;
				CLANG_WARN_DOCUMENTATION_COMMENTS = YES;
				CLANG_WARN_EMPTY_BODY = YES;
				CLANG_WARN_ENUM_CONVERSION = YES;
				CLANG_WARN_INFINITE_RECURSION = YES;
				CLANG_WARN_INT_CONVERSION = YES;
				CLANG_WARN_NON_LITERAL_NULL_CONVERSION = YES;
				CLANG_WARN_OBJC_IMPLICIT_RETAIN_SELF = YES;
				CLANG_WARN_OBJC_LITERAL_CONVERSION = YES;
				CLANG_WARN_OBJC_ROOT_CLASS = YES_ERROR;
				CLANG_WARN_RANGE_LOOP_ANALYSIS = YES;
				CLANG_WARN_STRICT_PROTOTYPES = YES;
				CLANG_WARN_SUSPICIOUS_MOVE = YES;
				CLANG_WARN_UNGUARDED_AVAILABILITY = YES_AGGRESSIVE;
				CLANG_WARN_UNREACHABLE_CODE = YES;
				CLANG_WARN__DUPLICATE_METHOD_MATCH = YES;
				COPY_PHASE_STRIP = NO;
				DEBUG_INFORMATION_FORMAT = "dwarf-with-dsym";
				ENABLE_NS_ASSERTIONS = NO;
				ENABLE_STRICT_OBJC_MSGSEND = YES;
				GCC_C_LANGUAGE_STANDARD = gnu11;
				GCC_NO_COMMON_BLOCKS = YES;
				GCC_WARN_64_TO_32_BIT_CONVERSION = YES;
				GCC_WARN_ABOUT_RETURN_TYPE = YES_ERROR;
				GCC_WARN_UNDECLARED_SELECTOR = YES;
				GCC_WARN_UNINITIALIZED_AUTOS = YES_AGGRESSIVE;
				GCC_WARN_UNUSED_FUNCTION = YES;
				GCC_WARN_UNUSED_VARIABLE = YES;
				IPHONEOS_DEPLOYMENT_TARGET = 13.4;
				MTL_ENABLE_DEBUG_INFO = NO;
				MTL_FAST_MATH = YES;
				SDKROOT = iphoneos;
				SWIFT_COMPILATION_MODE = wholemodule;
				SWIFT_OPTIMIZATION_LEVEL = "-O";
				VALIDATE_PRODUCT = YES;
			};
			name = Release;
		};
		8331EEBA2469312D000C04F5 /* Debug */ = {
			isa = XCBuildConfiguration;
			buildSettings = {
				ASSETCATALOG_COMPILER_APPICON_NAME = AppIcon;
				CODE_SIGN_STYLE = Automatic;
				DEVELOPMENT_TEAM = RG8WZR6JK3;
				INFOPLIST_FILE = restaurantApp/Info.plist;
				IPHONEOS_DEPLOYMENT_TARGET = 13.3;
				LD_RUNPATH_SEARCH_PATHS = (
					"$(inherited)",
					"@executable_path/Frameworks",
				);
				PRODUCT_BUNDLE_IDENTIFIER = vatsalkulshreshtha.me.DineTale;
				PRODUCT_NAME = "Dine Tale";
				SWIFT_VERSION = 5.0;
				TARGETED_DEVICE_FAMILY = "1,2";
			};
			name = Debug;
		};
		8331EEBB2469312D000C04F5 /* Release */ = {
			isa = XCBuildConfiguration;
			buildSettings = {
				ASSETCATALOG_COMPILER_APPICON_NAME = AppIcon;
				CODE_SIGN_STYLE = Automatic;
				DEVELOPMENT_TEAM = RG8WZR6JK3;
				INFOPLIST_FILE = restaurantApp/Info.plist;
				IPHONEOS_DEPLOYMENT_TARGET = 13.3;
				LD_RUNPATH_SEARCH_PATHS = (
					"$(inherited)",
					"@executable_path/Frameworks",
				);
				PRODUCT_BUNDLE_IDENTIFIER = vatsalkulshreshtha.me.DineTale;
				PRODUCT_NAME = "Dine Tale";
				SWIFT_VERSION = 5.0;
				TARGETED_DEVICE_FAMILY = "1,2";
			};
			name = Release;
		};
/* End XCBuildConfiguration section */

/* Begin XCConfigurationList section */
		8331EE9D2469312A000C04F5 /* Build configuration list for PBXProject "DineTale" */ = {
			isa = XCConfigurationList;
			buildConfigurations = (
				8331EEB72469312D000C04F5 /* Debug */,
				8331EEB82469312D000C04F5 /* Release */,
			);
			defaultConfigurationIsVisible = 0;
			defaultConfigurationName = Release;
		};
		8331EEB92469312D000C04F5 /* Build configuration list for PBXNativeTarget "DineTale" */ = {
			isa = XCConfigurationList;
			buildConfigurations = (
				8331EEBA2469312D000C04F5 /* Debug */,
				8331EEBB2469312D000C04F5 /* Release */,
			);
			defaultConfigurationIsVisible = 0;
			defaultConfigurationName = Release;
		};
/* End XCConfigurationList section */

/* Begin XCVersionGroup section */
		8331EEAE2469312A000C04F5 /* restaurantApp.xcdatamodeld */ = {
			isa = XCVersionGroup;
			children = (
				8331EEAF2469312A000C04F5 /* restaurantApp.xcdatamodel */,
			);
			currentVersion = 8331EEAF2469312A000C04F5 /* restaurantApp.xcdatamodel */;
			path = restaurantApp.xcdatamodeld;
			sourceTree = "<group>";
			versionGroupType = wrapper.xcdatamodel;
		};
/* End XCVersionGroup section */
	};
	rootObject = 8331EE9A2469312A000C04F5 /* Project object */;
}
